
Microsoft Visual Studio Solution File, Format Version 12.00
# Visual Studio Version 17
VisualStudioVersion = 17.2.32602.215
MinimumVisualStudioVersion = 10.0.40219.1
Project("{FAE04EC0-301F-11D3-BF4B-00C04F79EFBC}") = "metrics", "metrics\metrics.csproj", "{804F5DF4-0D9A-4C3A-A3A4-3D3EF3E2EC88}"
EndProject
Global
	GlobalSection(SolutionConfigurationPlatforms) = preSolution
		Debug|Any CPU = Debug|Any CPU
		Release|Any CPU = Release|Any CPU
	EndGlobalSection
	GlobalSection(ProjectConfigurationPlatforms) = postSolution
		{804F5DF4-0D9A-4C3A-A3A4-3D3EF3E2EC88}.Debug|Any CPU.ActiveCfg = Debug|Any CPU
		{804F5DF4-0D9A-4C3A-A3A4-3D3EF3E2EC88}.Debug|Any CPU.Build.0 = Debug|Any CPU
		{804F5DF4-0D9A-4C3A-A3A4-3D3EF3E2EC88}.Release|Any CPU.ActiveCfg = Release|Any CPU
		{804F5DF4-0D9A-4C3A-A3A4-3D3EF3E2EC88}.Release|Any CPU.Build.0 = Release|Any CPU
	EndGlobalSection
	GlobalSection(SolutionProperties) = preSolution
		HideSolutionNode = FALSE
	EndGlobalSection
	GlobalSection(ExtensibilityGlobals) = postSolution
		SolutionGuid = {9DB75A6D-D959-4682-8041-C69ED95FECB2}
	EndGlobalSection
EndGlobal
